
Microsoft Visual Studio Solution File, Format Version 12.00
# Visual Studio Version 17
VisualStudioVersion = 17.11.35312.102
MinimumVisualStudioVersion = 10.0.40219.1
Project("{9A19103F-16F7-4668-BE54-9A1E7A4F7556}") = "minimal-api", "minimal-api.csproj", "{137089CF-6C63-46CF-AD00-B66B65249114}"
EndProject
Global
	GlobalSection(SolutionConfigurationPlatforms) = preSolution
		Debug|Any CPU = Debug|Any CPU
		Release|Any CPU = Release|Any CPU
	EndGlobalSection
	GlobalSection(ProjectConfigurationPlatforms) = postSolution
		{137089CF-6C63-46CF-AD00-B66B65249114}.Debug|Any CPU.ActiveCfg = Debug|Any CPU
		{137089CF-6C63-46CF-AD00-B66B65249114}.Debug|Any CPU.Build.0 = Debug|Any CPU
		{137089CF-6C63-46CF-AD00-B66B65249114}.Release|Any CPU.ActiveCfg = Release|Any CPU
		{137089CF-6C63-46CF-AD00-B66B65249114}.Release|Any CPU.Build.0 = Release|Any CPU
	EndGlobalSection
	GlobalSection(SolutionProperties) = preSolution
		HideSolutionNode = FALSE
	EndGlobalSection
	GlobalSection(ExtensibilityGlobals) = postSolution
		SolutionGuid = {9127D2EF-CCC3-4071-B910-867A9503647B}
	EndGlobalSection
EndGlobal
